
Microsoft Visual Studio Solution File, Format Version 12.00
# Visual Studio Version 16
VisualStudioVersion = 16.0.28729.10
MinimumVisualStudioVersion = 10.0.40219.1
Project("{FAE04EC0-301F-11D3-BF4B-00C04F79EFBC}") = "ATIM_GUI", "DXApplication3\ATIM_GUI.csproj", "{450D51D8-3F12-45AE-8FEF-F144BB275A8F}"
EndProject
Project("{FAE04EC0-301F-11D3-BF4B-00C04F79EFBC}") = "Power_Supply_HamegHMP", "Power_Supply_HamegHMP\Power_Supply_HamegHMP.csproj", "{8F71037F-2AB4-47A7-8FE3-C30C929C6642}"
EndProject
Project("{FAE04EC0-301F-11D3-BF4B-00C04F79EFBC}") = "TEC_Controller", "TEC_Controller\TEC_Controller.csproj", "{2F1C5FB4-2AFA-4484-8C8F-30D1FE6F21FB}"
EndProject
Project("{FAE04EC0-301F-11D3-BF4B-00C04F79EFBC}") = "File Settings", "Read_Coordinates\File Settings.csproj", "{9F38BF61-F650-4827-B484-74ACFC0F54FD}"
EndProject
Project("{FAE04EC0-301F-11D3-BF4B-00C04F79EFBC}") = "Test_Umgebung2", "Test_Umgebung2\Test_Umgebung2.csproj", "{CC4F44B4-3CE0-408C-A959-6FCDE2045011}"
EndProject
Project("{FAE04EC0-301F-11D3-BF4B-00C04F79EFBC}") = "Hilfsfunktionen", "Hilfsfunktionen\Hilfsfunktionen.csproj", "{F16101D2-D868-43BD-AEE9-1509BC861499}"
EndProject
Project("{FAE04EC0-301F-11D3-BF4B-00C04F79EFBC}") = "XYZ_Table", "XYZ_Table\XYZ_Table.csproj", "{A0062B16-D11F-4A6B-A07E-4085CBFC3B23}"
EndProject
Project("{FAE04EC0-301F-11D3-BF4B-00C04F79EFBC}") = "Communication_Settings", "Communication_Settings\Communication_Settings.csproj", "{514F7601-DDC7-4F02-AAE4-850B7445411F}"
EndProject
Project("{FAE04EC0-301F-11D3-BF4B-00C04F79EFBC}") = "AutoConnect", "AutoConnect\AutoConnect.csproj", "{449D380B-94CB-4959-A3BB-001E331C7D9E}"
EndProject
Project("{FAE04EC0-301F-11D3-BF4B-00C04F79EFBC}") = "DAQ_Units", "DAQ_Unit\DAQ_Units.csproj", "{311634B1-6945-4B07-A37C-1B84FB634064}"
EndProject
Global
	GlobalSection(SolutionConfigurationPlatforms) = preSolution
		Debug|Any CPU = Debug|Any CPU
		Debug|ARM = Debug|ARM
		Debug|ARM64 = Debug|ARM64
		Debug|x64 = Debug|x64
		Debug|x86 = Debug|x86
		Release|Any CPU = Release|Any CPU
		Release|ARM = Release|ARM
		Release|ARM64 = Release|ARM64
		Release|x64 = Release|x64
		Release|x86 = Release|x86
	EndGlobalSection
	GlobalSection(ProjectConfigurationPlatforms) = postSolution
		{450D51D8-3F12-45AE-8FEF-F144BB275A8F}.Debug|Any CPU.ActiveCfg = Debug|Any CPU
		{450D51D8-3F12-45AE-8FEF-F144BB275A8F}.Debug|Any CPU.Build.0 = Debug|Any CPU
		{450D51D8-3F12-45AE-8FEF-F144BB275A8F}.Debug|ARM.ActiveCfg = Debug|Any CPU
		{450D51D8-3F12-45AE-8FEF-F144BB275A8F}.Debug|ARM.Build.0 = Debug|Any CPU
		{450D51D8-3F12-45AE-8FEF-F144BB275A8F}.Debug|ARM64.ActiveCfg = Debug|Any CPU
		{450D51D8-3F12-45AE-8FEF-F144BB275A8F}.Debug|ARM64.Build.0 = Debug|Any CPU
		{450D51D8-3F12-45AE-8FEF-F144BB275A8F}.Debug|x64.ActiveCfg = Debug|x64
		{450D51D8-3F12-45AE-8FEF-F144BB275A8F}.Debug|x64.Build.0 = Debug|x64
		{450D51D8-3F12-45AE-8FEF-F144BB275A8F}.Debug|x86.ActiveCfg = Debug|x86
		{450D51D8-3F12-45AE-8FEF-F144BB275A8F}.Debug|x86.Build.0 = Debug|x86
		{450D51D8-3F12-45AE-8FEF-F144BB275A8F}.Release|Any CPU.ActiveCfg = Release|Any CPU
		{450D51D8-3F12-45AE-8FEF-F144BB275A8F}.Release|Any CPU.Build.0 = Release|Any CPU
		{450D51D8-3F12-45AE-8FEF-F144BB275A8F}.Release|ARM.ActiveCfg = Release|Any CPU
		{450D51D8-3F12-45AE-8FEF-F144BB275A8F}.Release|ARM.Build.0 = Release|Any CPU
		{450D51D8-3F12-45AE-8FEF-F144BB275A8F}.Release|ARM64.ActiveCfg = Release|Any CPU
		{450D51D8-3F12-45AE-8FEF-F144BB275A8F}.Release|ARM64.Build.0 = Release|Any CPU
		{450D51D8-3F12-45AE-8FEF-F144BB275A8F}.Release|x64.ActiveCfg = Release|x64
		{450D51D8-3F12-45AE-8FEF-F144BB275A8F}.Release|x64.Build.0 = Release|x64
		{450D51D8-3F12-45AE-8FEF-F144BB275A8F}.Release|x86.ActiveCfg = Release|x86
		{450D51D8-3F12-45AE-8FEF-F144BB275A8F}.Release|x86.Build.0 = Release|x86
		{8F71037F-2AB4-47A7-8FE3-C30C929C6642}.Debug|Any CPU.ActiveCfg = Debug|Any CPU
		{8F71037F-2AB4-47A7-8FE3-C30C929C6642}.Debug|Any CPU.Build.0 = Debug|Any CPU
		{8F71037F-2AB4-47A7-8FE3-C30C929C6642}.Debug|ARM.ActiveCfg = Debug|Any CPU
		{8F71037F-2AB4-47A7-8FE3-C30C929C6642}.Debug|ARM.Build.0 = Debug|Any CPU
		{8F71037F-2AB4-47A7-8FE3-C30C929C6642}.Debug|ARM64.ActiveCfg = Debug|Any CPU
		{8F71037F-2AB4-47A7-8FE3-C30C929C6642}.Debug|ARM64.Build.0 = Debug|Any CPU
		{8F71037F-2AB4-47A7-8FE3-C30C929C6642}.Debug|x64.ActiveCfg = Debug|Any CPU
		{8F71037F-2AB4-47A7-8FE3-C30C929C6642}.Debug|x64.Build.0 = Debug|Any CPU
		{8F71037F-2AB4-47A7-8FE3-C30C929C6642}.Debug|x86.ActiveCfg = Debug|Any CPU
		{8F71037F-2AB4-47A7-8FE3-C30C929C6642}.Debug|x86.Build.0 = Debug|Any CPU
		{8F71037F-2AB4-47A7-8FE3-C30C929C6642}.Release|Any CPU.ActiveCfg = Release|Any CPU
		{8F71037F-2AB4-47A7-8FE3-C30C929C6642}.Release|Any CPU.Build.0 = Release|Any CPU
		{8F71037F-2AB4-47A7-8FE3-C30C929C6642}.Release|ARM.ActiveCfg = Release|Any CPU
		{8F71037F-2AB4-47A7-8FE3-C30C929C6642}.Release|ARM.Build.0 = Release|Any CPU
		{8F71037F-2AB4-47A7-8FE3-C30C929C6642}.Release|ARM64.ActiveCfg = Release|Any CPU
		{8F71037F-2AB4-47A7-8FE3-C30C929C6642}.Release|ARM64.Build.0 = Release|Any CPU
		{8F71037F-2AB4-47A7-8FE3-C30C929C6642}.Release|x64.ActiveCfg = Release|Any CPU
		{8F71037F-2AB4-47A7-8FE3-C30C929C6642}.Release|x64.Build.0 = Release|Any CPU
		{8F71037F-2AB4-47A7-8FE3-C30C929C6642}.Release|x86.ActiveCfg = Release|Any CPU
		{8F71037F-2AB4-47A7-8FE3-C30C929C6642}.Release|x86.Build.0 = Release|Any CPU
		{2F1C5FB4-2AFA-4484-8C8F-30D1FE6F21FB}.Debug|Any CPU.ActiveCfg = Debug|Any CPU
		{2F1C5FB4-2AFA-4484-8C8F-30D1FE6F21FB}.Debug|Any CPU.Build.0 = Debug|Any CPU
		{2F1C5FB4-2AFA-4484-8C8F-30D1FE6F21FB}.Debug|ARM.ActiveCfg = Debug|Any CPU
		{2F1C5FB4-2AFA-4484-8C8F-30D1FE6F21FB}.Debug|ARM.Build.0 = Debug|Any CPU
		{2F1C5FB4-2AFA-4484-8C8F-30D1FE6F21FB}.Debug|ARM64.ActiveCfg = Debug|Any CPU
		{2F1C5FB4-2AFA-4484-8C8F-30D1FE6F21FB}.Debug|ARM64.Build.0 = Debug|Any CPU
		{2F1C5FB4-2AFA-4484-8C8F-30D1FE6F21FB}.Debug|x64.ActiveCfg = Debug|Any CPU
		{2F1C5FB4-2AFA-4484-8C8F-30D1FE6F21FB}.Debug|x64.Build.0 = Debug|Any CPU
		{2F1C5FB4-2AFA-4484-8C8F-30D1FE6F21FB}.Debug|x86.ActiveCfg = Debug|Any CPU
		{2F1C5FB4-2AFA-4484-8C8F-30D1FE6F21FB}.Debug|x86.Build.0 = Debug|Any CPU
		{2F1C5FB4-2AFA-4484-8C8F-30D1FE6F21FB}.Release|Any CPU.ActiveCfg = Release|Any CPU
		{2F1C5FB4-2AFA-4484-8C8F-30D1FE6F21FB}.Release|Any CPU.Build.0 = Release|Any CPU
		{2F1C5FB4-2AFA-4484-8C8F-30D1FE6F21FB}.Release|ARM.ActiveCfg = Release|Any CPU
		{2F1C5FB4-2AFA-4484-8C8F-30D1FE6F21FB}.Release|ARM.Build.0 = Release|Any CPU
		{2F1C5FB4-2AFA-4484-8C8F-30D1FE6F21FB}.Release|ARM64.ActiveCfg = Release|Any CPU
		{2F1C5FB4-2AFA-4484-8C8F-30D1FE6F21FB}.Release|ARM64.Build.0 = Release|Any CPU
		{2F1C5FB4-2AFA-4484-8C8F-30D1FE6F21FB}.Release|x64.ActiveCfg = Release|Any CPU
		{2F1C5FB4-2AFA-4484-8C8F-30D1FE6F21FB}.Release|x64.Build.0 = Release|Any CPU
		{2F1C5FB4-2AFA-4484-8C8F-30D1FE6F21FB}.Release|x86.ActiveCfg = Release|Any CPU
		{2F1C5FB4-2AFA-4484-8C8F-30D1FE6F21FB}.Release|x86.Build.0 = Release|Any CPU
		{9F38BF61-F650-4827-B484-74ACFC0F54FD}.Debug|Any CPU.ActiveCfg = Debug|Any CPU
		{9F38BF61-F650-4827-B484-74ACFC0F54FD}.Debug|Any CPU.Build.0 = Debug|Any CPU
		{9F38BF61-F650-4827-B484-74ACFC0F54FD}.Debug|ARM.ActiveCfg = Debug|Any CPU
		{9F38BF61-F650-4827-B484-74ACFC0F54FD}.Debug|ARM.Build.0 = Debug|Any CPU
		{9F38BF61-F650-4827-B484-74ACFC0F54FD}.Debug|ARM64.ActiveCfg = Debug|Any CPU
		{9F38BF61-F650-4827-B484-74ACFC0F54FD}.Debug|ARM64.Build.0 = Debug|Any CPU
		{9F38BF61-F650-4827-B484-74ACFC0F54FD}.Debug|x64.ActiveCfg = Debug|Any CPU
		{9F38BF61-F650-4827-B484-74ACFC0F54FD}.Debug|x64.Build.0 = Debug|Any CPU
		{9F38BF61-F650-4827-B484-74ACFC0F54FD}.Debug|x86.ActiveCfg = Debug|Any CPU
		{9F38BF61-F650-4827-B484-74ACFC0F54FD}.Debug|x86.Build.0 = Debug|Any CPU
		{9F38BF61-F650-4827-B484-74ACFC0F54FD}.Release|Any CPU.ActiveCfg = Release|Any CPU
		{9F38BF61-F650-4827-B484-74ACFC0F54FD}.Release|Any CPU.Build.0 = Release|Any CPU
		{9F38BF61-F650-4827-B484-74ACFC0F54FD}.Release|ARM.ActiveCfg = Release|Any CPU
		{9F38BF61-F650-4827-B484-74ACFC0F54FD}.Release|ARM.Build.0 = Release|Any CPU
		{9F38BF61-F650-4827-B484-74ACFC0F54FD}.Release|ARM64.ActiveCfg = Release|Any CPU
		{9F38BF61-F650-4827-B484-74ACFC0F54FD}.Release|ARM64.Build.0 = Release|Any CPU
		{9F38BF61-F650-4827-B484-74ACFC0F54FD}.Release|x64.ActiveCfg = Release|Any CPU
		{9F38BF61-F650-4827-B484-74ACFC0F54FD}.Release|x64.Build.0 = Release|Any CPU
		{9F38BF61-F650-4827-B484-74ACFC0F54FD}.Release|x86.ActiveCfg = Release|Any CPU
		{9F38BF61-F650-4827-B484-74ACFC0F54FD}.Release|x86.Build.0 = Release|Any CPU
		{CC4F44B4-3CE0-408C-A959-6FCDE2045011}.Debug|Any CPU.ActiveCfg = Debug|Any CPU
		{CC4F44B4-3CE0-408C-A959-6FCDE2045011}.Debug|Any CPU.Build.0 = Debug|Any CPU
		{CC4F44B4-3CE0-408C-A959-6FCDE2045011}.Debug|ARM.ActiveCfg = Debug|Any CPU
		{CC4F44B4-3CE0-408C-A959-6FCDE2045011}.Debug|ARM.Build.0 = Debug|Any CPU
		{CC4F44B4-3CE0-408C-A959-6FCDE2045011}.Debug|ARM64.ActiveCfg = Debug|Any CPU
		{CC4F44B4-3CE0-408C-A959-6FCDE2045011}.Debug|ARM64.Build.0 = Debug|Any CPU
		{CC4F44B4-3CE0-408C-A959-6FCDE2045011}.Debug|x64.ActiveCfg = Debug|Any CPU
		{CC4F44B4-3CE0-408C-A959-6FCDE2045011}.Debug|x64.Build.0 = Debug|Any CPU
		{CC4F44B4-3CE0-408C-A959-6FCDE2045011}.Debug|x86.ActiveCfg = Debug|Any CPU
		{CC4F44B4-3CE0-408C-A959-6FCDE2045011}.Debug|x86.Build.0 = Debug|Any CPU
		{CC4F44B4-3CE0-408C-A959-6FCDE2045011}.Release|Any CPU.ActiveCfg = Release|Any CPU
		{CC4F44B4-3CE0-408C-A959-6FCDE2045011}.Release|Any CPU.Build.0 = Release|Any CPU
		{CC4F44B4-3CE0-408C-A959-6FCDE2045011}.Release|ARM.ActiveCfg = Release|Any CPU
		{CC4F44B4-3CE0-408C-A959-6FCDE2045011}.Release|ARM.Build.0 = Release|Any CPU
		{CC4F44B4-3CE0-408C-A959-6FCDE2045011}.Release|ARM64.ActiveCfg = Release|Any CPU
		{CC4F44B4-3CE0-408C-A959-6FCDE2045011}.Release|ARM64.Build.0 = Release|Any CPU
		{CC4F44B4-3CE0-408C-A959-6FCDE2045011}.Release|x64.ActiveCfg = Release|Any CPU
		{CC4F44B4-3CE0-408C-A959-6FCDE2045011}.Release|x64.Build.0 = Release|Any CPU
		{CC4F44B4-3CE0-408C-A959-6FCDE2045011}.Release|x86.ActiveCfg = Release|Any CPU
		{CC4F44B4-3CE0-408C-A959-6FCDE2045011}.Release|x86.Build.0 = Release|Any CPU
		{F16101D2-D868-43BD-AEE9-1509BC861499}.Debug|Any CPU.ActiveCfg = Debug|Any CPU
		{F16101D2-D868-43BD-AEE9-1509BC861499}.Debug|Any CPU.Build.0 = Debug|Any CPU
		{F16101D2-D868-43BD-AEE9-1509BC861499}.Debug|ARM.ActiveCfg = Debug|Any CPU
		{F16101D2-D868-43BD-AEE9-1509BC861499}.Debug|ARM.Build.0 = Debug|Any CPU
		{F16101D2-D868-43BD-AEE9-1509BC861499}.Debug|ARM64.ActiveCfg = Debug|Any CPU
		{F16101D2-D868-43BD-AEE9-1509BC861499}.Debug|ARM64.Build.0 = Debug|Any CPU
		{F16101D2-D868-43BD-AEE9-1509BC861499}.Debug|x64.ActiveCfg = Debug|Any CPU
		{F16101D2-D868-43BD-AEE9-1509BC861499}.Debug|x64.Build.0 = Debug|Any CPU
		{F16101D2-D868-43BD-AEE9-1509BC861499}.Debug|x86.ActiveCfg = Debug|Any CPU
		{F16101D2-D868-43BD-AEE9-1509BC861499}.Debug|x86.Build.0 = Debug|Any CPU
		{F16101D2-D868-43BD-AEE9-1509BC861499}.Release|Any CPU.ActiveCfg = Release|Any CPU
		{F16101D2-D868-43BD-AEE9-1509BC861499}.Release|Any CPU.Build.0 = Release|Any CPU
		{F16101D2-D868-43BD-AEE9-1509BC861499}.Release|ARM.ActiveCfg = Release|Any CPU
		{F16101D2-D868-43BD-AEE9-1509BC861499}.Release|ARM.Build.0 = Release|Any CPU
		{F16101D2-D868-43BD-AEE9-1509BC861499}.Release|ARM64.ActiveCfg = Release|Any CPU
		{F16101D2-D868-43BD-AEE9-1509BC861499}.Release|ARM64.Build.0 = Release|Any CPU
		{F16101D2-D868-43BD-AEE9-1509BC861499}.Release|x64.ActiveCfg = Release|Any CPU
		{F16101D2-D868-43BD-AEE9-1509BC861499}.Release|x64.Build.0 = Release|Any CPU
		{F16101D2-D868-43BD-AEE9-1509BC861499}.Release|x86.ActiveCfg = Release|Any CPU
		{F16101D2-D868-43BD-AEE9-1509BC861499}.Release|x86.Build.0 = Release|Any CPU
		{A0062B16-D11F-4A6B-A07E-4085CBFC3B23}.Debug|Any CPU.ActiveCfg = Debug|Any CPU
		{A0062B16-D11F-4A6B-A07E-4085CBFC3B23}.Debug|Any CPU.Build.0 = Debug|Any CPU
		{A0062B16-D11F-4A6B-A07E-4085CBFC3B23}.Debug|ARM.ActiveCfg = Debug|Any CPU
		{A0062B16-D11F-4A6B-A07E-4085CBFC3B23}.Debug|ARM.Build.0 = Debug|Any CPU
		{A0062B16-D11F-4A6B-A07E-4085CBFC3B23}.Debug|ARM64.ActiveCfg = Debug|Any CPU
		{A0062B16-D11F-4A6B-A07E-4085CBFC3B23}.Debug|ARM64.Build.0 = Debug|Any CPU
		{A0062B16-D11F-4A6B-A07E-4085CBFC3B23}.Debug|x64.ActiveCfg = Debug|Any CPU
		{A0062B16-D11F-4A6B-A07E-4085CBFC3B23}.Debug|x64.Build.0 = Debug|Any CPU
		{A0062B16-D11F-4A6B-A07E-4085CBFC3B23}.Debug|x86.ActiveCfg = Debug|Any CPU
		{A0062B16-D11F-4A6B-A07E-4085CBFC3B23}.Debug|x86.Build.0 = Debug|Any CPU
		{A0062B16-D11F-4A6B-A07E-4085CBFC3B23}.Release|Any CPU.ActiveCfg = Release|Any CPU
		{A0062B16-D11F-4A6B-A07E-4085CBFC3B23}.Release|Any CPU.Build.0 = Release|Any CPU
		{A0062B16-D11F-4A6B-A07E-4085CBFC3B23}.Release|ARM.ActiveCfg = Release|Any CPU
		{A0062B16-D11F-4A6B-A07E-4085CBFC3B23}.Release|ARM.Build.0 = Release|Any CPU
		{A0062B16-D11F-4A6B-A07E-4085CBFC3B23}.Release|ARM64.ActiveCfg = Release|Any CPU
		{A0062B16-D11F-4A6B-A07E-4085CBFC3B23}.Release|ARM64.Build.0 = Release|Any CPU
		{A0062B16-D11F-4A6B-A07E-4085CBFC3B23}.Release|x64.ActiveCfg = Release|Any CPU
		{A0062B16-D11F-4A6B-A07E-4085CBFC3B23}.Release|x64.Build.0 = Release|Any CPU
		{A0062B16-D11F-4A6B-A07E-4085CBFC3B23}.Release|x86.ActiveCfg = Release|Any CPU
		{A0062B16-D11F-4A6B-A07E-4085CBFC3B23}.Release|x86.Build.0 = Release|Any CPU
		{514F7601-DDC7-4F02-AAE4-850B7445411F}.Debug|Any CPU.ActiveCfg = Debug|Any CPU
		{514F7601-DDC7-4F02-AAE4-850B7445411F}.Debug|Any CPU.Build.0 = Debug|Any CPU
		{514F7601-DDC7-4F02-AAE4-850B7445411F}.Debug|ARM.ActiveCfg = Debug|Any CPU
		{514F7601-DDC7-4F02-AAE4-850B7445411F}.Debug|ARM.Build.0 = Debug|Any CPU
		{514F7601-DDC7-4F02-AAE4-850B7445411F}.Debug|ARM64.ActiveCfg = Debug|Any CPU
		{514F7601-DDC7-4F02-AAE4-850B7445411F}.Debug|ARM64.Build.0 = Debug|Any CPU
		{514F7601-DDC7-4F02-AAE4-850B7445411F}.Debug|x64.ActiveCfg = Debug|Any CPU
		{514F7601-DDC7-4F02-AAE4-850B7445411F}.Debug|x64.Build.0 = Debug|Any CPU
		{514F7601-DDC7-4F02-AAE4-850B7445411F}.Debug|x86.ActiveCfg = Debug|Any CPU
		{514F7601-DDC7-4F02-AAE4-850B7445411F}.Debug|x86.Build.0 = Debug|Any CPU
		{514F7601-DDC7-4F02-AAE4-850B7445411F}.Release|Any CPU.ActiveCfg = Release|Any CPU
		{514F7601-DDC7-4F02-AAE4-850B7445411F}.Release|Any CPU.Build.0 = Release|Any CPU
		{514F7601-DDC7-4F02-AAE4-850B7445411F}.Release|ARM.ActiveCfg = Release|Any CPU
		{514F7601-DDC7-4F02-AAE4-850B7445411F}.Release|ARM.Build.0 = Release|Any CPU
		{514F7601-DDC7-4F02-AAE4-850B7445411F}.Release|ARM64.ActiveCfg = Release|Any CPU
		{514F7601-DDC7-4F02-AAE4-850B7445411F}.Release|ARM64.Build.0 = Release|Any CPU
		{514F7601-DDC7-4F02-AAE4-850B7445411F}.Release|x64.ActiveCfg = Release|Any CPU
		{514F7601-DDC7-4F02-AAE4-850B7445411F}.Release|x64.Build.0 = Release|Any CPU
		{514F7601-DDC7-4F02-AAE4-850B7445411F}.Release|x86.ActiveCfg = Release|Any CPU
		{514F7601-DDC7-4F02-AAE4-850B7445411F}.Release|x86.Build.0 = Release|Any CPU
		{449D380B-94CB-4959-A3BB-001E331C7D9E}.Debug|Any CPU.ActiveCfg = Debug|Any CPU
		{449D380B-94CB-4959-A3BB-001E331C7D9E}.Debug|Any CPU.Build.0 = Debug|Any CPU
		{449D380B-94CB-4959-A3BB-001E331C7D9E}.Debug|ARM.ActiveCfg = Debug|Any CPU
		{449D380B-94CB-4959-A3BB-001E331C7D9E}.Debug|ARM.Build.0 = Debug|Any CPU
		{449D380B-94CB-4959-A3BB-001E331C7D9E}.Debug|ARM64.ActiveCfg = Debug|Any CPU
		{449D380B-94CB-4959-A3BB-001E331C7D9E}.Debug|ARM64.Build.0 = Debug|Any CPU
		{449D380B-94CB-4959-A3BB-001E331C7D9E}.Debug|x64.ActiveCfg = Debug|Any CPU
		{449D380B-94CB-4959-A3BB-001E331C7D9E}.Debug|x64.Build.0 = Debug|Any CPU
		{449D380B-94CB-4959-A3BB-001E331C7D9E}.Debug|x86.ActiveCfg = Debug|Any CPU
		{449D380B-94CB-4959-A3BB-001E331C7D9E}.Debug|x86.Build.0 = Debug|Any CPU
		{449D380B-94CB-4959-A3BB-001E331C7D9E}.Release|Any CPU.ActiveCfg = Release|Any CPU
		{449D380B-94CB-4959-A3BB-001E331C7D9E}.Release|Any CPU.Build.0 = Release|Any CPU
		{449D380B-94CB-4959-A3BB-001E331C7D9E}.Release|ARM.ActiveCfg = Release|Any CPU
		{449D380B-94CB-4959-A3BB-001E331C7D9E}.Release|ARM.Build.0 = Release|Any CPU
		{449D380B-94CB-4959-A3BB-001E331C7D9E}.Release|ARM64.ActiveCfg = Release|Any CPU
		{449D380B-94CB-4959-A3BB-001E331C7D9E}.Release|ARM64.Build.0 = Release|Any CPU
		{449D380B-94CB-4959-A3BB-001E331C7D9E}.Release|x64.ActiveCfg = Release|Any CPU
		{449D380B-94CB-4959-A3BB-001E331C7D9E}.Release|x64.Build.0 = Release|Any CPU
		{449D380B-94CB-4959-A3BB-001E331C7D9E}.Release|x86.ActiveCfg = Release|Any CPU
		{449D380B-94CB-4959-A3BB-001E331C7D9E}.Release|x86.Build.0 = Release|Any CPU
		{311634B1-6945-4B07-A37C-1B84FB634064}.Debug|Any CPU.ActiveCfg = Debug|Any CPU
		{311634B1-6945-4B07-A37C-1B84FB634064}.Debug|Any CPU.Build.0 = Debug|Any CPU
		{311634B1-6945-4B07-A37C-1B84FB634064}.Debug|ARM.ActiveCfg = Debug|Any CPU
		{311634B1-6945-4B07-A37C-1B84FB634064}.Debug|ARM.Build.0 = Debug|Any CPU
		{311634B1-6945-4B07-A37C-1B84FB634064}.Debug|ARM64.ActiveCfg = Debug|Any CPU
		{311634B1-6945-4B07-A37C-1B84FB634064}.Debug|ARM64.Build.0 = Debug|Any CPU
		{311634B1-6945-4B07-A37C-1B84FB634064}.Debug|x64.ActiveCfg = Debug|Any CPU
		{311634B1-6945-4B07-A37C-1B84FB634064}.Debug|x64.Build.0 = Debug|Any CPU
		{311634B1-6945-4B07-A37C-1B84FB634064}.Debug|x86.ActiveCfg = Debug|Any CPU
		{311634B1-6945-4B07-A37C-1B84FB634064}.Debug|x86.Build.0 = Debug|Any CPU
		{311634B1-6945-4B07-A37C-1B84FB634064}.Release|Any CPU.ActiveCfg = Release|Any CPU
		{311634B1-6945-4B07-A37C-1B84FB634064}.Release|Any CPU.Build.0 = Release|Any CPU
		{311634B1-6945-4B07-A37C-1B84FB634064}.Release|ARM.ActiveCfg = Release|Any CPU
		{311634B1-6945-4B07-A37C-1B84FB634064}.Release|ARM.Build.0 = Release|Any CPU
		{311634B1-6945-4B07-A37C-1B84FB634064}.Release|ARM64.ActiveCfg = Release|Any CPU
		{311634B1-6945-4B07-A37C-1B84FB634064}.Release|ARM64.Build.0 = Release|Any CPU
		{311634B1-6945-4B07-A37C-1B84FB634064}.Release|x64.ActiveCfg = Release|Any CPU
		{311634B1-6945-4B07-A37C-1B84FB634064}.Release|x64.Build.0 = Release|Any CPU
		{311634B1-6945-4B07-A37C-1B84FB634064}.Release|x86.ActiveCfg = Release|Any CPU
		{311634B1-6945-4B07-A37C-1B84FB634064}.Release|x86.Build.0 = Release|Any CPU
	EndGlobalSection
	GlobalSection(SolutionProperties) = preSolution
		HideSolutionNode = FALSE
	EndGlobalSection
	GlobalSection(ExtensibilityGlobals) = postSolution
		SolutionGuid = {0EA58A43-BAF8-4031-AFCA-52FA8F1E1123}
	EndGlobalSection
EndGlobal
